
Microsoft Visual Studio Solution File, Format Version 12.00
# Visual Studio Version 16
VisualStudioVersion = 16.0.28803.202
MinimumVisualStudioVersion = 10.0.40219.1
Project("{FAE04EC0-301F-11D3-BF4B-00C04F79EFBC}") = "TodoApi", "TodoApi\TodoApi.csproj", "{840E5A1C-CAC2-4DE8-BC77-7E3610E4E43C}"
EndProject
Global
	GlobalSection(SolutionConfigurationPlatforms) = preSolution
		Debug|Any CPU = Debug|Any CPU
		Release|Any CPU = Release|Any CPU
	EndGlobalSection
	GlobalSection(ProjectConfigurationPlatforms) = postSolution
		{840E5A1C-CAC2-4DE8-BC77-7E3610E4E43C}.Debug|Any CPU.ActiveCfg = Debug|Any CPU
		{840E5A1C-CAC2-4DE8-BC77-7E3610E4E43C}.Debug|Any CPU.Build.0 = Debug|Any CPU
		{840E5A1C-CAC2-4DE8-BC77-7E3610E4E43C}.Release|Any CPU.ActiveCfg = Release|Any CPU
		{840E5A1C-CAC2-4DE8-BC77-7E3610E4E43C}.Release|Any CPU.Build.0 = Release|Any CPU
	EndGlobalSection
	GlobalSection(SolutionProperties) = preSolution
		HideSolutionNode = FALSE
	EndGlobalSection
	GlobalSection(ExtensibilityGlobals) = postSolution
		SolutionGuid = {B657709E-A646-4145-A6DF-6ED9BC4551FA}
	EndGlobalSection
EndGlobal
