
Microsoft Visual Studio Solution File, Format Version 12.00
# Visual Studio Version 16
VisualStudioVersion = 16.0.28803.202
MinimumVisualStudioVersion = 10.0.40219.1
Project("{FAE04EC0-301F-11D3-BF4B-00C04F79EFBC}") = "FirstEntityFrameworkCoreProject", "FirstEntityFrameworkCoreProject\FirstEntityFrameworkCoreProject.csproj", "{18E59235-36D4-4C8C-AA18-9D55A52D0051}"
EndProject
Global
	GlobalSection(SolutionConfigurationPlatforms) = preSolution
		Debug|Any CPU = Debug|Any CPU
		Release|Any CPU = Release|Any CPU
	EndGlobalSection
	GlobalSection(ProjectConfigurationPlatforms) = postSolution
		{18E59235-36D4-4C8C-AA18-9D55A52D0051}.Debug|Any CPU.ActiveCfg = Debug|Any CPU
		{18E59235-36D4-4C8C-AA18-9D55A52D0051}.Debug|Any CPU.Build.0 = Debug|Any CPU
		{18E59235-36D4-4C8C-AA18-9D55A52D0051}.Release|Any CPU.ActiveCfg = Release|Any CPU
		{18E59235-36D4-4C8C-AA18-9D55A52D0051}.Release|Any CPU.Build.0 = Release|Any CPU
	EndGlobalSection
	GlobalSection(SolutionProperties) = preSolution
		HideSolutionNode = FALSE
	EndGlobalSection
	GlobalSection(ExtensibilityGlobals) = postSolution
		SolutionGuid = {46B04301-8D68-4784-8AE6-31287283033C}
	EndGlobalSection
EndGlobal
