
Microsoft Visual Studio Solution File, Format Version 12.00
# Visual Studio 15
VisualStudioVersion = 15.0.28307.489
MinimumVisualStudioVersion = 10.0.40219.1
Project("{FAE04EC0-301F-11D3-BF4B-00C04F79EFBC}") = "Calculator", "NunitTest\Calculator.csproj", "{B7154B3F-7A5B-4F85-A260-FBCE34BDC707}"
EndProject
Project("{FAE04EC0-301F-11D3-BF4B-00C04F79EFBC}") = "Calculator.Test", "Calculator.Test\Calculator.Test.csproj", "{DA5B8BA5-26EB-4620-9607-0106BEDC5875}"
EndProject
Project("{FAE04EC0-301F-11D3-BF4B-00C04F79EFBC}") = "FilePartReaderWithNUnit", "FilePartReaderWithNUnit\FilePartReaderWithNUnit.csproj", "{64E26C76-6008-45CB-89E5-7FC45A85AFB5}"
EndProject
Project("{FAE04EC0-301F-11D3-BF4B-00C04F79EFBC}") = "SimpleThreadingDemo", "SimpleThreadingDemo\SimpleThreadingDemo.csproj", "{80861F84-F78A-4242-B4D1-34E355F8E49D}"
EndProject
Project("{FAE04EC0-301F-11D3-BF4B-00C04F79EFBC}") = "SingleInstance", "SingleInstance\SingleInstance.csproj", "{187E687A-70E7-406C-98FB-960B2EC75491}"
EndProject
Project("{FAE04EC0-301F-11D3-BF4B-00C04F79EFBC}") = "ThreadPoolDemo", "ThreadPoolDemo\ThreadPoolDemo.csproj", "{C2969048-2EE3-4181-88AB-8EE96A75B095}"
EndProject
Project("{FAE04EC0-301F-11D3-BF4B-00C04F79EFBC}") = "SerializePeople", "SerializePeople\SerializePeople.csproj", "{3BCC8A26-1CF5-469A-ADF0-8B2008E4494C}"
EndProject
Global
	GlobalSection(SolutionConfigurationPlatforms) = preSolution
		Debug|Any CPU = Debug|Any CPU
		Release|Any CPU = Release|Any CPU
	EndGlobalSection
	GlobalSection(ProjectConfigurationPlatforms) = postSolution
		{B7154B3F-7A5B-4F85-A260-FBCE34BDC707}.Debug|Any CPU.ActiveCfg = Debug|Any CPU
		{B7154B3F-7A5B-4F85-A260-FBCE34BDC707}.Debug|Any CPU.Build.0 = Debug|Any CPU
		{B7154B3F-7A5B-4F85-A260-FBCE34BDC707}.Release|Any CPU.ActiveCfg = Release|Any CPU
		{B7154B3F-7A5B-4F85-A260-FBCE34BDC707}.Release|Any CPU.Build.0 = Release|Any CPU
		{DA5B8BA5-26EB-4620-9607-0106BEDC5875}.Debug|Any CPU.ActiveCfg = Debug|Any CPU
		{DA5B8BA5-26EB-4620-9607-0106BEDC5875}.Debug|Any CPU.Build.0 = Debug|Any CPU
		{DA5B8BA5-26EB-4620-9607-0106BEDC5875}.Release|Any CPU.ActiveCfg = Release|Any CPU
		{DA5B8BA5-26EB-4620-9607-0106BEDC5875}.Release|Any CPU.Build.0 = Release|Any CPU
		{64E26C76-6008-45CB-89E5-7FC45A85AFB5}.Debug|Any CPU.ActiveCfg = Debug|Any CPU
		{64E26C76-6008-45CB-89E5-7FC45A85AFB5}.Debug|Any CPU.Build.0 = Debug|Any CPU
		{64E26C76-6008-45CB-89E5-7FC45A85AFB5}.Release|Any CPU.ActiveCfg = Release|Any CPU
		{64E26C76-6008-45CB-89E5-7FC45A85AFB5}.Release|Any CPU.Build.0 = Release|Any CPU
		{80861F84-F78A-4242-B4D1-34E355F8E49D}.Debug|Any CPU.ActiveCfg = Debug|Any CPU
		{80861F84-F78A-4242-B4D1-34E355F8E49D}.Debug|Any CPU.Build.0 = Debug|Any CPU
		{80861F84-F78A-4242-B4D1-34E355F8E49D}.Release|Any CPU.ActiveCfg = Release|Any CPU
		{80861F84-F78A-4242-B4D1-34E355F8E49D}.Release|Any CPU.Build.0 = Release|Any CPU
		{187E687A-70E7-406C-98FB-960B2EC75491}.Debug|Any CPU.ActiveCfg = Debug|Any CPU
		{187E687A-70E7-406C-98FB-960B2EC75491}.Debug|Any CPU.Build.0 = Debug|Any CPU
		{187E687A-70E7-406C-98FB-960B2EC75491}.Release|Any CPU.ActiveCfg = Release|Any CPU
		{187E687A-70E7-406C-98FB-960B2EC75491}.Release|Any CPU.Build.0 = Release|Any CPU
		{C2969048-2EE3-4181-88AB-8EE96A75B095}.Debug|Any CPU.ActiveCfg = Debug|Any CPU
		{C2969048-2EE3-4181-88AB-8EE96A75B095}.Debug|Any CPU.Build.0 = Debug|Any CPU
		{C2969048-2EE3-4181-88AB-8EE96A75B095}.Release|Any CPU.ActiveCfg = Release|Any CPU
		{C2969048-2EE3-4181-88AB-8EE96A75B095}.Release|Any CPU.Build.0 = Release|Any CPU
		{3BCC8A26-1CF5-469A-ADF0-8B2008E4494C}.Debug|Any CPU.ActiveCfg = Debug|Any CPU
		{3BCC8A26-1CF5-469A-ADF0-8B2008E4494C}.Debug|Any CPU.Build.0 = Debug|Any CPU
		{3BCC8A26-1CF5-469A-ADF0-8B2008E4494C}.Release|Any CPU.ActiveCfg = Release|Any CPU
		{3BCC8A26-1CF5-469A-ADF0-8B2008E4494C}.Release|Any CPU.Build.0 = Release|Any CPU
	EndGlobalSection
	GlobalSection(SolutionProperties) = preSolution
		HideSolutionNode = FALSE
	EndGlobalSection
	GlobalSection(ExtensibilityGlobals) = postSolution
		SolutionGuid = {76BB3D13-4EC8-482C-B450-F08E9F39A357}
	EndGlobalSection
EndGlobal
